hash: 17cf68b5962b231a339532b7710a7e63f6b381264bcdb43fce858e741d9674e4
updated: 2018-11-09T23:12:55.215478-05:00
imports:
- name: github.com/BurntSushi/toml
  version: b26d9c308763d68093482582cea63d69be07a0f0
- name: github.com/gorilla/securecookie
  version: 78f3d318a8bf316cda921f25e96fd0b441c5173d
- name: golang.org/x/crypto
  version: a49355c7e3f8fe157a85be2f77e6e269a0f89602
  subpackages:
  - bcrypt
  - blowfish
testImports: []
