hash: 4ed7b920dfdec799055716baa9f08d030559de84ad125d16760c68c00dc19481
updated: 2018-07-10T00:49:15.573848-04:00
imports:
- name: github.com/gorilla/securecookie
  version: 78f3d318a8bf316cda921f25e96fd0b441c5173d
- name: golang.org/x/crypto
  version: a49355c7e3f8fe157a85be2f77e6e269a0f89602
  subpackages:
  - bcrypt
  - blowfish
testImports: []
